{
    "_readme": [
        "This file locks the dependencies of your project to a known state",
        "Read more about it at https://getcomposer.org/doc/01-basic-usage.md#installing-dependencies",
        "This file is @generated automatically"
    ],
    "content-hash": "c623a33963d3d8c6ad2c812345314690",
    "packages": [
        {
            "name": "pear/console_getopt",
            "version": "v1.4.1",
            "source": {
                "type": "git",
                "url": "https://github.com/pear/Console_Getopt.git",
                "reference": "82f05cd1aa3edf34e19aa7c8ca312ce13a6a577f"
            },
            "dist": {
                "type": "zip",
                "url": "https://api.github.com/repos/pear/Console_Getopt/zipball/82f05cd1aa3edf34e19aa7c8ca312ce13a6a577f",
                "reference": "82f05cd1aa3edf34e19aa7c8ca312ce13a6a577f",
                "shasum": ""
            },
            "type": "library",
            "autoload": {
                "psr-0": {
                    "Console": "./"
                }
            },
            "notification-url": "https://packagist.org/downloads/",
            "include-path": [
                "./"
            ],
            "license": [
                "BSD-2-Clause"
            ],
            "authors": [
                {
                    "name": "Greg Beaver",
                    "email": "cellog@php.net",
                    "role": "Helper"
                },
                {
                    "name": "Andrei Zmievski",
                    "email": "andrei@php.net",
                    "role": "Lead"
                },
                {
                    "name": "Stig Bakken",
                    "email": "stig@php.net",
                    "role": "Developer"
                }
            ],
            "description": "More info available on: http://pear.php.net/package/Console_Getopt",
            "time": "2015-07-20T20:28:12+00:00"
        },
        {
            "name": "pear/mail",
            "version": "dev-master",
            "source": {
                "type": "git",
                "url": "https://github.com/pear/Mail.git",
                "reference": "c79a855bf8720d4643ef61500b766381c27cc741"
            },
            "dist": {
                "type": "zip",
                "url": "https://api.github.com/repos/pear/Mail/zipball/c79a855bf8720d4643ef61500b766381c27cc741",
                "reference": "c79a855bf8720d4643ef61500b766381c27cc741",
                "shasum": ""
            },
            "require": {
                "pear/pear-core-minimal": "~1.9",
                "php": ">=5.2.1"
            },
            "require-dev": {
                "pear/pear": "*"
            },
            "suggest": {
                "pear/net_smtp": "Install optionally via your project's composer.json"
            },
            "type": "library",
            "autoload": {
                "psr-0": {
                    "Mail": "./"
                }
            },
            "notification-url": "https://packagist.org/downloads/",
            "include-path": [
                "./"
            ],
            "license": [
                "BSD-2-Clause"
            ],
            "authors": [
                {
                    "name": "Chuck Hagenbuch",
                    "email": "chuck@horde.org",
                    "role": "Lead"
                },
                {
                    "name": "Richard Heyes",
                    "email": "richard@phpguru.org",
                    "role": "Developer"
                },
                {
                    "name": "Aleksander Machniak",
                    "email": "alec@alec.pl",
                    "role": "Developer"
                }
            ],
            "description": "Class that provides multiple interfaces for sending emails.",
            "homepage": "http://pear.php.net/package/Mail",
            "time": "2017-05-09T18:00:04+00:00"
        },
        {
            "name": "pear/mail_mime",
            "version": "1.10.2",
            "source": {
                "type": "git",
                "url": "https://github.com/pear/Mail_Mime.git",
                "reference": "7b2f93fa5219da99e9997f497b916b5bb27eb57a"
            },
            "dist": {
                "type": "zip",
                "url": "https://api.github.com/repos/pear/Mail_Mime/zipball/7b2f93fa5219da99e9997f497b916b5bb27eb57a",
                "reference": "7b2f93fa5219da99e9997f497b916b5bb27eb57a",
                "shasum": ""
            },
            "require": {
                "pear/pear-core-minimal": "*"
            },
            "type": "library",
            "autoload": {
                "psr-0": {
                    "Mail": "./"
                }
            },
            "notification-url": "https://packagist.org/downloads/",
            "include-path": [
                "./"
            ],
            "license": [
                "BSD-3-clause"
            ],
            "authors": [
                {
                    "name": "Cipriano Groenendal",
                    "email": "cipri@php.net",
                    "role": "Lead"
                },
                {
                    "name": "Aleksander Machniak",
                    "email": "alec@php.net",
                    "role": "Lead"
                }
            ],
            "description": "Mail_Mime provides classes to create MIME messages",
            "homepage": "http://pear.php.net/package/Mail_Mime",
            "time": "2017-11-17T09:21:45+00:00"
        },
        {
            "name": "pear/pear-core-minimal",
            "version": "v1.10.3",
            "source": {
                "type": "git",
                "url": "https://github.com/pear/pear-core-minimal.git",
                "reference": "070f0b600b2caca2501e2c9b7e553016e4b0d115"
            },
            "dist": {
                "type": "zip",
                "url": "https://api.github.com/repos/pear/pear-core-minimal/zipball/070f0b600b2caca2501e2c9b7e553016e4b0d115",
                "reference": "070f0b600b2caca2501e2c9b7e553016e4b0d115",
                "shasum": ""
            },
            "require": {
                "pear/console_getopt": "~1.4",
                "pear/pear_exception": "~1.0"
            },
            "replace": {
                "rsky/pear-core-min": "self.version"
            },
            "type": "library",
            "autoload": {
                "psr-0": {
                    "": "src/"
                }
            },
            "notification-url": "https://packagist.org/downloads/",
            "include-path": [
                "src/"
            ],
            "license": [
                "BSD-3-Clause"
            ],
            "authors": [
                {
                    "name": "Christian Weiske",
                    "email": "cweiske@php.net",
                    "role": "Lead"
                }
            ],
            "description": "Minimal set of PEAR core files to be used as composer dependency",
            "time": "2017-02-28T16:46:11+00:00"
        },
        {
            "name": "pear/pear_exception",
            "version": "dev-master",
            "source": {
                "type": "git",
                "url": "https://github.com/pear/PEAR_Exception.git",
                "reference": "8c18719fdae000b690e3912be401c76e406dd13b"
            },
            "dist": {
                "type": "zip",
                "url": "https://api.github.com/repos/pear/PEAR_Exception/zipball/8c18719fdae000b690e3912be401c76e406dd13b",
                "reference": "8c18719fdae000b690e3912be401c76e406dd13b",
                "shasum": ""
            },
            "require": {
                "php": ">=4.4.0"
            },
            "require-dev": {
                "phpunit/phpunit": "*"
            },
            "type": "class",
            "extra": {
                "branch-alias": {
                    "dev-master": "1.0.x-dev"
                }
            },
            "autoload": {
                "psr-0": {
                    "PEAR": ""
                }
            },
            "notification-url": "https://packagist.org/downloads/",
            "include-path": [
                "."
            ],
            "license": [
                "BSD-2-Clause"
            ],
            "authors": [
                {
                    "name": "Helgi Thormar",
                    "email": "dufuz@php.net"
                },
                {
                    "name": "Greg Beaver",
                    "email": "cellog@php.net"
                }
            ],
            "description": "The PEAR Exception base class.",
            "homepage": "https://github.com/pear/PEAR_Exception",
            "keywords": [
                "exception"
            ],
            "time": "2015-02-10T20:07:52+00:00"
        },
        {
            "name": "sandfoxme/monsterid",
            "version": "1.1.1",
            "source": {
                "type": "git",
                "url": "https://github.com/sandfoxme/monsterid.git",
                "reference": "d2454adf7c92cbb10e932e84dda0809975db72f5"
            },
            "dist": {
                "type": "zip",
                "url": "https://api.github.com/repos/sandfoxme/monsterid/zipball/d2454adf7c92cbb10e932e84dda0809975db72f5",
                "reference": "d2454adf7c92cbb10e932e84dda0809975db72f5",
                "shasum": ""
            },
            "require": {
                "ext-gd": "*",
                "php": "^5.5|^7.0"
            },
            "require-dev": {
                "codeclimate/php-test-reporter": "*",
                "phpunit/phpunit": "^4.8"
            },
            "type": "library",
            "autoload": {
                "psr-4": {
                    "SandFoxMe\\MonsterID\\": "src/classes"
                },
                "files": [
                    "src/bootstrap.php"
                ]
            },
            "notification-url": "https://packagist.org/downloads/",
            "license": [
                "MIT"
            ],
            "authors": [
                {
                    "name": "Andreas Gohr",
                    "homepage": "http://www.splitbrain.org/",
                    "role": "Developer"
                },
                {
                    "name": "Anton Smirnov",
                    "email": "sandfox@sandfox.me",
                    "homepage": "https://sandfox.me/",
                    "role": "Composer package maintainer"
                }
            ],
            "description": "MonsterID is a method to generate a unique monster image based upon a certain identifier (IP address, email address, whatever). It can be used to automatically provide personal avatar images in blog comments or other community services.",
            "keywords": [
                "avatar",
                "monsterid"
            ],
            "time": "2018-04-03T20:46:17+00:00"
        },
        {
            "name": "smarty/smarty",
            "version": "v3.1.32",
            "source": {
                "type": "git",
                "url": "https://github.com/smarty-php/smarty.git",
                "reference": "ac9d4b587e5bf53381e21881820a9830765cb459"
            },
            "dist": {
                "type": "zip",
                "url": "https://api.github.com/repos/smarty-php/smarty/zipball/ac9d4b587e5bf53381e21881820a9830765cb459",
                "reference": "ac9d4b587e5bf53381e21881820a9830765cb459",
                "shasum": ""
            },
            "require": {
                "php": ">=5.2"
            },
            "type": "library",
            "extra": {
                "branch-alias": {
                    "dev-master": "3.1.x-dev"
                }
            },
            "autoload": {
                "files": [
                    "libs/bootstrap.php"
                ]
            },
            "notification-url": "https://packagist.org/downloads/",
            "license": [
                "LGPL-3.0"
            ],
            "authors": [
                {
                    "name": "Monte Ohrt",
                    "email": "monte@ohrt.com"
                },
                {
                    "name": "Uwe Tews",
                    "email": "uwe.tews@googlemail.com"
                },
                {
                    "name": "Rodney Rehm",
                    "email": "rodney.rehm@medialize.de"
                }
            ],
            "description": "Smarty - the compiling PHP template engine",
            "homepage": "http://www.smarty.net",
            "keywords": [
                "templating"
            ],
            "time": "2018-04-24T14:53:33+00:00"
        }
    ],
    "packages-dev": [],
    "aliases": [],
    "minimum-stability": "dev",
    "stability-flags": {
        "pear/mail": 20
    },
    "prefer-stable": false,
    "prefer-lowest": false,
    "platform": {
        "php": ">=7.2.0"
    },
    "platform-dev": []
}
